// !$*UTF8*$!
{
	archiveVersion = 1;
	classes = {
	};
	objectVersion = 46;
	objects = {

/* Begin PBXBuildFile section */
		FA247B1217958345008013D5 /* UIKit.framework in Frameworks */ = {isa = PBXBuildFile; fileRef = FA247B1117958345008013D5 /* UIKit.framework */; };
		FA247B1417958345008013D5 /* Foundation.framework in Frameworks */ = {isa = PBXBuildFile; fileRef = FA247B1317958345008013D5 /* Foundation.framework */; };
		FA247B1617958345008013D5 /* CoreGraphics.framework in Frameworks */ = {isa = PBXBuildFile; fileRef = FA247B1517958345008013D5 /* CoreGraphics.framework */; };
		FA247B1C17958345008013D5 /* InfoPlist.strings in Resources */ = {isa = PBXBuildFile; fileRef = FA247B1A17958345008013D5 /* InfoPlist.strings */; };
		FA247B1E17958345008013D5 /* main.m in Sources */ = {isa = PBXBuildFile; fileRef = FA247B1D17958345008013D5 /* main.m */; };
		FA247B2217958345008013D5 /* ANAppDelegate.m in Sources */ = {isa = PBXBuildFile; fileRef = FA247B2117958345008013D5 /* ANAppDelegate.m */; };
		FA247B2417958345008013D5 /* Default.png in Resources */ = {isa = PBXBuildFile; fileRef = FA247B2317958345008013D5 /* Default.png */; };
		FA247B2617958345008013D5 /* Default@2x.png in Resources */ = {isa = PBXBuildFile; fileRef = FA247B2517958345008013D5 /* Default@2x.png */; };
		FA247B2817958345008013D5 /* Default-568h@2x.png in Resources */ = {isa = PBXBuildFile; fileRef = FA247B2717958345008013D5 /* Default-568h@2x.png */; };
		FA247B3217958421008013D5 /* ANMatrix.m in Sources */ = {isa = PBXBuildFile; fileRef = FA247B3117958421008013D5 /* ANMatrix.m */; };
		FA247B3417958995008013D5 /* Cards.plist in Resources */ = {isa = PBXBuildFile; fileRef = FA247B3317958995008013D5 /* Cards.plist */; };
		FA247B3817959C7D008013D5 /* ANCard.m in Sources */ = {isa = PBXBuildFile; fileRef = FA247B3717959C7D008013D5 /* ANCard.m */; };
		FA247B3B1795A1B8008013D5 /* ANCardSet.m in Sources */ = {isa = PBXBuildFile; fileRef = FA247B3A1795A1B8008013D5 /* ANCardSet.m */; };
		FA247B3E1795A827008013D5 /* ANBoard.m in Sources */ = {isa = PBXBuildFile; fileRef = FA247B3D1795A827008013D5 /* ANBoard.m */; };
		FA247B411795E5B3008013D5 /* ANPossibleBoard.m in Sources */ = {isa = PBXBuildFile; fileRef = FA247B401795E5B3008013D5 /* ANPossibleBoard.m */; };
		FA2C25101798371300D9ABA1 /* ANPreferencesViewController.m in Sources */ = {isa = PBXBuildFile; fileRef = FA2C250F1798371300D9ABA1 /* ANPreferencesViewController.m */; };
		FA2C251617984AA800D9ABA1 /* ANSlideoutView.m in Sources */ = {isa = PBXBuildFile; fileRef = FA2C251517984AA700D9ABA1 /* ANSlideoutView.m */; };
		FA30EF8C1799B10900AAAD74 /* Accelerate.framework in Frameworks */ = {isa = PBXBuildFile; fileRef = FA30EF8B1799B10900AAAD74 /* Accelerate.framework */; };
		FA30EF921799DB2300AAAD74 /* ANCardsViewController.m in Sources */ = {isa = PBXBuildFile; fileRef = FA30EF911799DB2300AAAD74 /* ANCardsViewController.m */; };
		FA618B6B1796E2B7008AABD8 /* ANProbabilityMap.m in Sources */ = {isa = PBXBuildFile; fileRef = FA618B6A1796E2B7008AABD8 /* ANProbabilityMap.m */; };
		FA618B711796E6C6008AABD8 /* ANMarkovFinder.m in Sources */ = {isa = PBXBuildFile; fileRef = FA618B701796E6C6008AABD8 /* ANMarkovFinder.m */; };
		FA618B741796EADA008AABD8 /* ANRecursiveFinder.m in Sources */ = {isa = PBXBuildFile; fileRef = FA618B731796EADA008AABD8 /* ANRecursiveFinder.m */; };
		FA618B781796ED9D008AABD8 /* ANPreferences.m in Sources */ = {isa = PBXBuildFile; fileRef = FA618B771796ED9D008AABD8 /* ANPreferences.m */; };
		FA618B7B1796F2A4008AABD8 /* ANStatisticsGenerator.m in Sources */ = {isa = PBXBuildFile; fileRef = FA618B7A1796F2A4008AABD8 /* ANStatisticsGenerator.m */; };
		FA618B7F179702EA008AABD8 /* ANBoardView.m in Sources */ = {isa = PBXBuildFile; fileRef = FA618B7E179702EA008AABD8 /* ANBoardView.m */; };
		FA618B8417970701008AABD8 /* chance@2x.png in Resources */ = {isa = PBXBuildFile; fileRef = FA618B8017970701008AABD8 /* chance@2x.png */; };
		FA618B8517970701008AABD8 /* railroad@2x.png in Resources */ = {isa = PBXBuildFile; fileRef = FA618B8117970701008AABD8 /* railroad@2x.png */; };
		FA618B8617970701008AABD8 /* chest@2x.png in Resources */ = {isa = PBXBuildFile; fileRef = FA618B8217970701008AABD8 /* chest@2x.png */; };
		FA618B8717970701008AABD8 /* go@2x.png in Resources */ = {isa = PBXBuildFile; fileRef = FA618B8317970701008AABD8 /* go@2x.png */; };
		FA618B8A17975B0A008AABD8 /* ANPlayerView.m in Sources */ = {isa = PBXBuildFile; fileRef = FA618B8917975B0A008AABD8 /* ANPlayerView.m */; };
		FA618B8D17975BE2008AABD8 /* ANMainViewController.m in Sources */ = {isa = PBXBuildFile; fileRef = FA618B8C17975BE2008AABD8 /* ANMainViewController.m */; };
		FA618B8F17975F9D008AABD8 /* background@2x.png in Resources */ = {isa = PBXBuildFile; fileRef = FA618B8E17975F9D008AABD8 /* background@2x.png */; };
		FA618B9317976128008AABD8 /* QuartzCore.framework in Frameworks */ = {isa = PBXBuildFile; fileRef = FA618B9217976128008AABD8 /* QuartzCore.framework */; };
		FA618B9517976537008AABD8 /* settings@2x.png in Resources */ = {isa = PBXBuildFile; fileRef = FA618B9417976537008AABD8 /* settings@2x.png */; };
		FA618B98179768AF008AABD8 /* chest_btn@2x.png in Resources */ = {isa = PBXBuildFile; fileRef = FA618B96179768AF008AABD8 /* chest_btn@2x.png */; };
		FA618B99179768AF008AABD8 /* chance_btn@2x.png in Resources */ = {isa = PBXBuildFile; fileRef = FA618B97179768AF008AABD8 /* chance_btn@2x.png */; };
		FA618B9C1797710D008AABD8 /* ANLoadingView.m in Sources */ = {isa = PBXBuildFile; fileRef = FA618B9B1797710D008AABD8 /* ANLoadingView.m */; };
/* End PBXBuildFile section */

/* Begin PBXFileReference section */
		FA247B0E17958345008013D5 /* Monoploy.app */ = {isa = PBXFileReference; explicitFileType = wrapper.application; includeInIndex = 0; path = Monoploy.app; sourceTree = BUILT_PRODUCTS_DIR; };
		FA247B1117958345008013D5 /* UIKit.framework */ = {isa = PBXFileReference; lastKnownFileType = wrapper.framework; name = UIKit.framework; path = System/Library/Frameworks/UIKit.framework; sourceTree = SDKROOT; };
		FA247B1317958345008013D5 /* Foundation.framework */ = {isa = PBXFileReference; lastKnownFileType = wrapper.framework; name = Foundation.framework; path = System/Library/Frameworks/Foundation.framework; sourceTree = SDKROOT; };
		FA247B1517958345008013D5 /* CoreGraphics.framework */ = {isa = PBXFileReference; lastKnownFileType = wrapper.framework; name = CoreGraphics.framework; path = System/Library/Frameworks/CoreGraphics.framework; sourceTree = SDKROOT; };
		FA247B1917958345008013D5 /* Monoploy-Info.plist */ = {isa = PBXFileReference; lastKnownFileType = text.plist.xml; path = "Monoploy-Info.plist"; sourceTree = "<group>"; };
		FA247B1B17958345008013D5 /* en */ = {isa = PBXFileReference; lastKnownFileType = text.plist.strings; name = en; path = en.lproj/InfoPlist.strings; sourceTree = "<group>"; };
		FA247B1D17958345008013D5 /* main.m */ = {isa = PBXFileReference; lastKnownFileType = sourcecode.c.objc; path = main.m; sourceTree = "<group>"; };
		FA247B1F17958345008013D5 /* Monoploy-Prefix.pch */ = {isa = PBXFileReference; lastKnownFileType = sourcecode.c.h; path = "Monoploy-Prefix.pch"; sourceTree = "<group>"; };
		FA247B2017958345008013D5 /* ANAppDelegate.h */ = {isa = PBXFileReference; lastKnownFileType = sourcecode.c.h; path = ANAppDelegate.h; sourceTree = "<group>"; };
		FA247B2117958345008013D5 /* ANAppDelegate.m */ = {isa = PBXFileReference; lastKnownFileType = sourcecode.c.objc; path = ANAppDelegate.m; sourceTree = "<group>"; };
		FA247B2317958345008013D5 /* Default.png */ = {isa = PBXFileReference; lastKnownFileType = image.png; path = Default.png; sourceTree = "<group>"; };
		FA247B2517958345008013D5 /* Default@2x.png */ = {isa = PBXFileReference; lastKnownFileType = image.png; path = "Default@2x.png"; sourceTree = "<group>"; };
		FA247B2717958345008013D5 /* Default-568h@2x.png */ = {isa = PBXFileReference; lastKnownFileType = image.png; path = "Default-568h@2x.png"; sourceTree = "<group>"; };
		FA247B3017958421008013D5 /* ANMatrix.h */ = {isa = PBXFileReference; fileEncoding = 4; lastKnownFileType = sourcecode.c.h; path = ANMatrix.h; sourceTree = "<group>"; };
		FA247B3117958421008013D5 /* ANMatrix.m */ = {isa = PBXFileReference; fileEncoding = 4; lastKnownFileType = sourcecode.c.objc; path = ANMatrix.m; sourceTree = "<group>"; };
		FA247B3317958995008013D5 /* Cards.plist */ = {isa = PBXFileReference; fileEncoding = 4; lastKnownFileType = text.plist.xml; path = Cards.plist; sourceTree = "<group>"; };
		FA247B3617959C7D008013D5 /* ANCard.h */ = {isa = PBXFileReference; fileEncoding = 4; lastKnownFileType = sourcecode.c.h; path = ANCard.h; sourceTree = "<group>"; };
		FA247B3717959C7D008013D5 /* ANCard.m */ = {isa = PBXFileReference; fileEncoding = 4; lastKnownFileType = sourcecode.c.objc; path = ANCard.m; sourceTree = "<group>"; };
		FA247B391795A1B8008013D5 /* ANCardSet.h */ = {isa = PBXFileReference; fileEncoding = 4; lastKnownFileType = sourcecode.c.h; path = ANCardSet.h; sourceTree = "<group>"; };
		FA247B3A1795A1B8008013D5 /* ANCardSet.m */ = {isa = PBXFileReference; fileEncoding = 4; lastKnownFileType = sourcecode.c.objc; path = ANCardSet.m; sourceTree = "<group>"; };
		FA247B3C1795A827008013D5 /* ANBoard.h */ = {isa = PBXFileReference; fileEncoding = 4; lastKnownFileType = sourcecode.c.h; path = ANBoard.h; sourceTree = "<group>"; };
		FA247B3D1795A827008013D5 /* ANBoard.m */ = {isa = PBXFileReference; fileEncoding = 4; lastKnownFileType = sourcecode.c.objc; path = ANBoard.m; sourceTree = "<group>"; };
		FA247B3F1795E5B3008013D5 /* ANPossibleBoard.h */ = {isa = PBXFileReference; fileEncoding = 4; lastKnownFileType = sourcecode.c.h; path = ANPossibleBoard.h; sourceTree = "<group>"; };
		FA247B401795E5B3008013D5 /* ANPossibleBoard.m */ = {isa = PBXFileReference; fileEncoding = 4; lastKnownFileType = sourcecode.c.objc; path = ANPossibleBoard.m; sourceTree = "<group>"; };
		FA2C250E1798371300D9ABA1 /* ANPreferencesViewController.h */ = {isa = PBXFileReference; fileEncoding = 4; lastKnownFileType = sourcecode.c.h; path = ANPreferencesViewController.h; sourceTree = "<group>"; };
		FA2C250F1798371300D9ABA1 /* ANPreferencesViewController.m */ = {isa = PBXFileReference; fileEncoding = 4; lastKnownFileType = sourcecode.c.objc; path = ANPreferencesViewController.m; sourceTree = "<group>"; };
		FA2C251417984AA700D9ABA1 /* ANSlideoutView.h */ = {isa = PBXFileReference; fileEncoding = 4; lastKnownFileType = sourcecode.c.h; path = ANSlideoutView.h; sourceTree = "<group>"; };
		FA2C251517984AA700D9ABA1 /* ANSlideoutView.m */ = {isa = PBXFileReference; fileEncoding = 4; lastKnownFileType = sourcecode.c.objc; path = ANSlideoutView.m; sourceTree = "<group>"; };
		FA30EF8B1799B10900AAAD74 /* Accelerate.framework */ = {isa = PBXFileReference; lastKnownFileType = wrapper.framework; name = Accelerate.framework; path = System/Library/Frameworks/Accelerate.framework; sourceTree = SDKROOT; };
		FA30EF901799DB2300AAAD74 /* ANCardsViewController.h */ = {isa = PBXFileReference; fileEncoding = 4; lastKnownFileType = sourcecode.c.h; path = ANCardsViewController.h; sourceTree = "<group>"; };
		FA30EF911799DB2300AAAD74 /* ANCardsViewController.m */ = {isa = PBXFileReference; fileEncoding = 4; lastKnownFileType = sourcecode.c.objc; path = ANCardsViewController.m; sourceTree = "<group>"; };
		FA618B691796E2B7008AABD8 /* ANProbabilityMap.h */ = {isa = PBXFileReference; fileEncoding = 4; lastKnownFileType = sourcecode.c.h; path = ANProbabilityMap.h; sourceTree = "<group>"; };
		FA618B6A1796E2B7008AABD8 /* ANProbabilityMap.m */ = {isa = PBXFileReference; fileEncoding = 4; lastKnownFileType = sourcecode.c.objc; path = ANProbabilityMap.m; sourceTree = "<group>"; };
		FA618B6E1796E6B7008AABD8 /* ANProbabilityFinder.h */ = {isa = PBXFileReference; fileEncoding = 4; lastKnownFileType = sourcecode.c.h; path = ANProbabilityFinder.h; sourceTree = "<group>"; };
		FA618B6F1796E6C6008AABD8 /* ANMarkovFinder.h */ = {isa = PBXFileReference; fileEncoding = 4; lastKnownFileType = sourcecode.c.h; path = ANMarkovFinder.h; sourceTree = "<group>"; };
		FA618B701796E6C6008AABD8 /* ANMarkovFinder.m */ = {isa = PBXFileReference; fileEncoding = 4; lastKnownFileType = sourcecode.c.objc; path = ANMarkovFinder.m; sourceTree = "<group>"; };
		FA618B721796EADA008AABD8 /* ANRecursiveFinder.h */ = {isa = PBXFileReference; fileEncoding = 4; lastKnownFileType = sourcecode.c.h; path = ANRecursiveFinder.h; sourceTree = "<group>"; };
		FA618B731796EADA008AABD8 /* ANRecursiveFinder.m */ = {isa = PBXFileReference; fileEncoding = 4; lastKnownFileType = sourcecode.c.objc; path = ANRecursiveFinder.m; sourceTree = "<group>"; };
		FA618B761796ED9D008AABD8 /* ANPreferences.h */ = {isa = PBXFileReference; fileEncoding = 4; lastKnownFileType = sourcecode.c.h; path = ANPreferences.h; sourceTree = "<group>"; };
		FA618B771796ED9D008AABD8 /* ANPreferences.m */ = {isa = PBXFileReference; fileEncoding = 4; lastKnownFileType = sourcecode.c.objc; path = ANPreferences.m; sourceTree = "<group>"; };
		FA618B791796F2A4008AABD8 /* ANStatisticsGenerator.h */ = {isa = PBXFileReference; fileEncoding = 4; lastKnownFileType = sourcecode.c.h; path = ANStatisticsGenerator.h; sourceTree = "<group>"; };
		FA618B7A1796F2A4008AABD8 /* ANStatisticsGenerator.m */ = {isa = PBXFileReference; fileEncoding = 4; lastKnownFileType = sourcecode.c.objc; path = ANStatisticsGenerator.m; sourceTree = "<group>"; };
		FA618B7D179702EA008AABD8 /* ANBoardView.h */ = {isa = PBXFileReference; fileEncoding = 4; lastKnownFileType = sourcecode.c.h; path = ANBoardView.h; sourceTree = "<group>"; };
		FA618B7E179702EA008AABD8 /* ANBoardView.m */ = {isa = PBXFileReference; fileEncoding = 4; lastKnownFileType = sourcecode.c.objc; path = ANBoardView.m; sourceTree = "<group>"; };
		FA618B8017970701008AABD8 /* chance@2x.png */ = {isa = PBXFileReference; lastKnownFileType = image.png; path = "chance@2x.png"; sourceTree = "<group>"; };
		FA618B8117970701008AABD8 /* railroad@2x.png */ = {isa = PBXFileReference; lastKnownFileType = image.png; path = "railroad@2x.png"; sourceTree = "<group>"; };
		FA618B8217970701008AABD8 /* chest@2x.png */ = {isa = PBXFileReference; lastKnownFileType = image.png; path = "chest@2x.png"; sourceTree = "<group>"; };
		FA618B8317970701008AABD8 /* go@2x.png */ = {isa = PBXFileReference; lastKnownFileType = image.png; path = "go@2x.png"; sourceTree = "<group>"; };
		FA618B8817975B0A008AABD8 /* ANPlayerView.h */ = {isa = PBXFileReference; fileEncoding = 4; lastKnownFileType = sourcecode.c.h; path = ANPlayerView.h; sourceTree = "<group>"; };
		FA618B8917975B0A008AABD8 /* ANPlayerView.m */ = {isa = PBXFileReference; fileEncoding = 4; lastKnownFileType = sourcecode.c.objc; path = ANPlayerView.m; sourceTree = "<group>"; };
		FA618B8B17975BE2008AABD8 /* ANMainViewController.h */ = {isa = PBXFileReference; fileEncoding = 4; lastKnownFileType = sourcecode.c.h; path = ANMainViewController.h; sourceTree = "<group>"; };
		FA618B8C17975BE2008AABD8 /* ANMainViewController.m */ = {isa = PBXFileReference; fileEncoding = 4; lastKnownFileType = sourcecode.c.objc; path = ANMainViewController.m; sourceTree = "<group>"; };
		FA618B8E17975F9D008AABD8 /* background@2x.png */ = {isa = PBXFileReference; lastKnownFileType = image.png; path = "background@2x.png"; sourceTree = "<group>"; };
		FA618B9217976128008AABD8 /* QuartzCore.framework */ = {isa = PBXFileReference; lastKnownFileType = wrapper.framework; name = QuartzCore.framework; path = System/Library/Frameworks/QuartzCore.framework; sourceTree = SDKROOT; };
		FA618B9417976537008AABD8 /* settings@2x.png */ = {isa = PBXFileReference; lastKnownFileType = image.png; path = "settings@2x.png"; sourceTree = "<group>"; };
		FA618B96179768AF008AABD8 /* chest_btn@2x.png */ = {isa = PBXFileReference; lastKnownFileType = image.png; path = "chest_btn@2x.png"; sourceTree = "<group>"; };
		FA618B97179768AF008AABD8 /* chance_btn@2x.png */ = {isa = PBXFileReference; lastKnownFileType = image.png; path = "chance_btn@2x.png"; sourceTree = "<group>"; };
		FA618B9A1797710D008AABD8 /* ANLoadingView.h */ = {isa = PBXFileReference; fileEncoding = 4; lastKnownFileType = sourcecode.c.h; path = ANLoadingView.h; sourceTree = "<group>"; };
		FA618B9B1797710D008AABD8 /* ANLoadingView.m */ = {isa = PBXFileReference; fileEncoding = 4; lastKnownFileType = sourcecode.c.objc; path = ANLoadingView.m; sourceTree = "<group>"; };
/* End PBXFileReference section */

/* Begin PBXFrameworksBuildPhase section */
		FA247B0B17958345008013D5 /* Frameworks */ = {
			isa = PBXFrameworksBuildPhase;
			buildActionMask = 2147483647;
			files = (
				FA30EF8C1799B10900AAAD74 /* Accelerate.framework in Frameworks */,
				FA618B9317976128008AABD8 /* QuartzCore.framework in Frameworks */,
				FA247B1217958345008013D5 /* UIKit.framework in Frameworks */,
				FA247B1417958345008013D5 /* Foundation.framework in Frameworks */,
				FA247B1617958345008013D5 /* CoreGraphics.framework in Frameworks */,
			);
			runOnlyForDeploymentPostprocessing = 0;
		};
/* End PBXFrameworksBuildPhase section */

/* Begin PBXGroup section */
		FA247B0517958345008013D5 = {
			isa = PBXGroup;
			children = (
				FA30EF8B1799B10900AAAD74 /* Accelerate.framework */,
				FA247B1717958345008013D5 /* Monoploy */,
				FA247B1017958345008013D5 /* Frameworks */,
				FA247B0F17958345008013D5 /* Products */,
			);
			sourceTree = "<group>";
		};
		FA247B0F17958345008013D5 /* Products */ = {
			isa = PBXGroup;
			children = (
				FA247B0E17958345008013D5 /* Monoploy.app */,
			);
			name = Products;
			sourceTree = "<group>";
		};
		FA247B1017958345008013D5 /* Frameworks */ = {
			isa = PBXGroup;
			children = (
				FA618B9217976128008AABD8 /* QuartzCore.framework */,
				FA247B1117958345008013D5 /* UIKit.framework */,
				FA247B1317958345008013D5 /* Foundation.framework */,
				FA247B1517958345008013D5 /* CoreGraphics.framework */,
			);
			name = Frameworks;
			sourceTree = "<group>";
		};
		FA247B1717958345008013D5 /* Monoploy */ = {
			isa = PBXGroup;
			children = (
				FA618B7C179702DF008AABD8 /* Graphics */,
				FA618B751796ED94008AABD8 /* Settings */,
				FA247B3517959C6A008013D5 /* Game */,
				FA247B2F179583FA008013D5 /* Statistics */,
				FA247B2017958345008013D5 /* ANAppDelegate.h */,
				FA247B2117958345008013D5 /* ANAppDelegate.m */,
				FA618B8B17975BE2008AABD8 /* ANMainViewController.h */,
				FA618B8C17975BE2008AABD8 /* ANMainViewController.m */,
				FA2C250E1798371300D9ABA1 /* ANPreferencesViewController.h */,
				FA2C250F1798371300D9ABA1 /* ANPreferencesViewController.m */,
				FA30EF901799DB2300AAAD74 /* ANCardsViewController.h */,
				FA30EF911799DB2300AAAD74 /* ANCardsViewController.m */,
				FA247B1817958345008013D5 /* Supporting Files */,
			);
			path = Monoploy;
			sourceTree = "<group>";
		};
		FA247B1817958345008013D5 /* Supporting Files */ = {
			isa = PBXGroup;
			children = (
				FA618B96179768AF008AABD8 /* chest_btn@2x.png */,
				FA618B97179768AF008AABD8 /* chance_btn@2x.png */,
				FA618B9417976537008AABD8 /* settings@2x.png */,
				FA618B8E17975F9D008AABD8 /* background@2x.png */,
				FA618B8017970701008AABD8 /* chance@2x.png */,
				FA618B8117970701008AABD8 /* railroad@2x.png */,
				FA618B8217970701008AABD8 /* chest@2x.png */,
				FA618B8317970701008AABD8 /* go@2x.png */,
				FA247B1917958345008013D5 /* Monoploy-Info.plist */,
				FA247B1A17958345008013D5 /* InfoPlist.strings */,
				FA247B1D17958345008013D5 /* main.m */,
				FA247B1F17958345008013D5 /* Monoploy-Prefix.pch */,
				FA247B2317958345008013D5 /* Default.png */,
				FA247B2517958345008013D5 /* Default@2x.png */,
				FA247B2717958345008013D5 /* Default-568h@2x.png */,
				FA247B3317958995008013D5 /* Cards.plist */,
			);
			name = "Supporting Files";
			sourceTree = "<group>";
		};
		FA247B2F179583FA008013D5 /* Statistics */ = {
			isa = PBXGroup;
			children = (
				FA618B6D1796E6B7008AABD8 /* Probability Finder */,
				FA247B3017958421008013D5 /* ANMatrix.h */,
				FA247B3117958421008013D5 /* ANMatrix.m */,
				FA247B3F1795E5B3008013D5 /* ANPossibleBoard.h */,
				FA247B401795E5B3008013D5 /* ANPossibleBoard.m */,
				FA618B691796E2B7008AABD8 /* ANProbabilityMap.h */,
				FA618B6A1796E2B7008AABD8 /* ANProbabilityMap.m */,
				FA618B791796F2A4008AABD8 /* ANStatisticsGenerator.h */,
				FA618B7A1796F2A4008AABD8 /* ANStatisticsGenerator.m */,
			);
			path = Statistics;
			sourceTree = "<group>";
		};
		FA247B3517959C6A008013D5 /* Game */ = {
			isa = PBXGroup;
			children = (
				FA247B3617959C7D008013D5 /* ANCard.h */,
				FA247B3717959C7D008013D5 /* ANCard.m */,
				FA247B391795A1B8008013D5 /* ANCardSet.h */,
				FA247B3A1795A1B8008013D5 /* ANCardSet.m */,
				FA247B3C1795A827008013D5 /* ANBoard.h */,
				FA247B3D1795A827008013D5 /* ANBoard.m */,
			);
			path = Game;
			sourceTree = "<group>";
		};
		FA618B6D1796E6B7008AABD8 /* Probability Finder */ = {
			isa = PBXGroup;
			children = (
				FA618B6E1796E6B7008AABD8 /* ANProbabilityFinder.h */,
				FA618B6F1796E6C6008AABD8 /* ANMarkovFinder.h */,
				FA618B701796E6C6008AABD8 /* ANMarkovFinder.m */,
				FA618B721796EADA008AABD8 /* ANRecursiveFinder.h */,
				FA618B731796EADA008AABD8 /* ANRecursiveFinder.m */,
			);
			path = "Probability Finder";
			sourceTree = "<group>";
		};
		FA618B751796ED94008AABD8 /* Settings */ = {
			isa = PBXGroup;
			children = (
				FA618B761796ED9D008AABD8 /* ANPreferences.h */,
				FA618B771796ED9D008AABD8 /* ANPreferences.m */,
			);
			path = Settings;
			sourceTree = "<group>";
		};
		FA618B7C179702DF008AABD8 /* Graphics */ = {
			isa = PBXGroup;
			children = (
				FA618B7D179702EA008AABD8 /* ANBoardView.h */,
				FA618B7E179702EA008AABD8 /* ANBoardView.m */,
				FA618B8817975B0A008AABD8 /* ANPlayerView.h */,
				FA618B8917975B0A008AABD8 /* ANPlayerView.m */,
				FA618B9A1797710D008AABD8 /* ANLoadingView.h */,
				FA618B9B1797710D008AABD8 /* ANLoadingView.m */,
				FA2C251417984AA700D9ABA1 /* ANSlideoutView.h */,
				FA2C251517984AA700D9ABA1 /* ANSlideoutView.m */,
			);
			path = Graphics;
			sourceTree = "<group>";
		};
/* End PBXGroup section */

/* Begin PBXNativeTarget section */
		FA247B0D17958345008013D5 /* Monoploy */ = {
			isa = PBXNativeTarget;
			buildConfigurationList = FA247B2B17958345008013D5 /* Build configuration list for PBXNativeTarget "Monoploy" */;
			buildPhases = (
				FA247B0A17958345008013D5 /* Sources */,
				FA247B0B17958345008013D5 /* Frameworks */,
				FA247B0C17958345008013D5 /* Resources */,
			);
			buildRules = (
			);
			dependencies = (
			);
			name = Monoploy;
			productName = Monoploy;
			productReference = FA247B0E17958345008013D5 /* Monoploy.app */;
			productType = "com.apple.product-type.application";
		};
/* End PBXNativeTarget section */

/* Begin PBXProject section */
		FA247B0617958345008013D5 /* Project object */ = {
			isa = PBXProject;
			attributes = {
				CLASSPREFIX = AN;
				LastUpgradeCheck = 0460;
				ORGANIZATIONNAME = "Alex Nichol";
			};
			buildConfigurationList = FA247B0917958345008013D5 /* Build configuration list for PBXProject "Monoploy" */;
			compatibilityVersion = "Xcode 3.2";
			developmentRegion = English;
			hasScannedForEncodings = 0;
			knownRegions = (
				en,
			);
			mainGroup = FA247B0517958345008013D5;
			productRefGroup = FA247B0F17958345008013D5 /* Products */;
			projectDirPath = "";
			projectRoot = "";
			targets = (
				FA247B0D17958345008013D5 /* Monoploy */,
			);
		};
/* End PBXProject section */

/* Begin PBXResourcesBuildPhase section */
		FA247B0C17958345008013D5 /* Resources */ = {
			isa = PBXResourcesBuildPhase;
			buildActionMask = 2147483647;
			files = (
				FA247B1C17958345008013D5 /* InfoPlist.strings in Resources */,
				FA247B2417958345008013D5 /* Default.png in Resources */,
				FA247B2617958345008013D5 /* Default@2x.png in Resources */,
				FA247B2817958345008013D5 /* Default-568h@2x.png in Resources */,
				FA247B3417958995008013D5 /* Cards.plist in Resources */,
				FA618B8417970701008AABD8 /* chance@2x.png in Resources */,
				FA618B8517970701008AABD8 /* railroad@2x.png in Resources */,
				FA618B8617970701008AABD8 /* chest@2x.png in Resources */,
				FA618B8717970701008AABD8 /* go@2x.png in Resources */,
				FA618B8F17975F9D008AABD8 /* background@2x.png in Resources */,
				FA618B9517976537008AABD8 /* settings@2x.png in Resources */,
				FA618B98179768AF008AABD8 /* chest_btn@2x.png in Resources */,
				FA618B99179768AF008AABD8 /* chance_btn@2x.png in Resources */,
			);
			runOnlyForDeploymentPostprocessing = 0;
		};
/* End PBXResourcesBuildPhase section */

/* Begin PBXSourcesBuildPhase section */
		FA247B0A17958345008013D5 /* Sources */ = {
			isa = PBXSourcesBuildPhase;
			buildActionMask = 2147483647;
			files = (
				FA247B1E17958345008013D5 /* main.m in Sources */,
				FA247B2217958345008013D5 /* ANAppDelegate.m in Sources */,
				FA247B3217958421008013D5 /* ANMatrix.m in Sources */,
				FA247B3817959C7D008013D5 /* ANCard.m in Sources */,
				FA247B3B1795A1B8008013D5 /* ANCardSet.m in Sources */,
				FA247B3E1795A827008013D5 /* ANBoard.m in Sources */,
				FA247B411795E5B3008013D5 /* ANPossibleBoard.m in Sources */,
				FA618B6B1796E2B7008AABD8 /* ANProbabilityMap.m in Sources */,
				FA618B711796E6C6008AABD8 /* ANMarkovFinder.m in Sources */,
				FA618B741796EADA008AABD8 /* ANRecursiveFinder.m in Sources */,
				FA618B781796ED9D008AABD8 /* ANPreferences.m in Sources */,
				FA618B7B1796F2A4008AABD8 /* ANStatisticsGenerator.m in Sources */,
				FA618B7F179702EA008AABD8 /* ANBoardView.m in Sources */,
				FA618B8A17975B0A008AABD8 /* ANPlayerView.m in Sources */,
				FA618B8D17975BE2008AABD8 /* ANMainViewController.m in Sources */,
				FA618B9C1797710D008AABD8 /* ANLoadingView.m in Sources */,
				FA2C25101798371300D9ABA1 /* ANPreferencesViewController.m in Sources */,
				FA2C251617984AA800D9ABA1 /* ANSlideoutView.m in Sources */,
				FA30EF921799DB2300AAAD74 /* ANCardsViewController.m in Sources */,
			);
			runOnlyForDeploymentPostprocessing = 0;
		};
/* End PBXSourcesBuildPhase section */

/* Begin PBXVariantGroup section */
		FA247B1A17958345008013D5 /* InfoPlist.strings */ = {
			isa = PBXVariantGroup;
			children = (
				FA247B1B17958345008013D5 /* en */,
			);
			name = InfoPlist.strings;
			sourceTree = "<group>";
		};
/* End PBXVariantGroup section */

/* Begin XCBuildConfiguration section */
		FA247B2917958345008013D5 /* Debug */ = {
			isa = XCBuildConfiguration;
			buildSettings = {
				ALWAYS_SEARCH_USER_PATHS = NO;
				CLANG_CXX_LANGUAGE_STANDARD = "gnu++0x";
				CLANG_CXX_LIBRARY = "libc++";
				CLANG_ENABLE_OBJC_ARC = YES;
				CLANG_WARN_CONSTANT_CONVERSION = YES;
				CLANG_WARN_EMPTY_BODY = YES;
				CLANG_WARN_ENUM_CONVERSION = YES;
				CLANG_WARN_INT_CONVERSION = YES;
				CLANG_WARN__DUPLICATE_METHOD_MATCH = YES;
				"CODE_SIGN_IDENTITY[sdk=iphoneos*]" = "iPhone Developer";
				COPY_PHASE_STRIP = NO;
				GCC_C_LANGUAGE_STANDARD = gnu99;
				GCC_DYNAMIC_NO_PIC = NO;
				GCC_OPTIMIZATION_LEVEL = 0;
				GCC_PREPROCESSOR_DEFINITIONS = (
					"DEBUG=1",
					"$(inherited)",
				);
				GCC_SYMBOLS_PRIVATE_EXTERN = NO;
				GCC_WARN_ABOUT_RETURN_TYPE = YES;
				GCC_WARN_UNINITIALIZED_AUTOS = YES;
				GCC_WARN_UNUSED_VARIABLE = YES;
				IPHONEOS_DEPLOYMENT_TARGET = 6.1;
				ONLY_ACTIVE_ARCH = YES;
				SDKROOT = iphoneos;
			};
			name = Debug;
		};
		FA247B2A17958345008013D5 /* Release */ = {
			isa = XCBuildConfiguration;
			buildSettings = {
				ALWAYS_SEARCH_USER_PATHS = NO;
				CLANG_CXX_LANGUAGE_STANDARD = "gnu++0x";
				CLANG_CXX_LIBRARY = "libc++";
				CLANG_ENABLE_OBJC_ARC = YES;
				CLANG_WARN_CONSTANT_CONVERSION = YES;
				CLANG_WARN_EMPTY_BODY = YES;
				CLANG_WARN_ENUM_CONVERSION = YES;
				CLANG_WARN_INT_CONVERSION = YES;
				CLANG_WARN__DUPLICATE_METHOD_MATCH = YES;
				"CODE_SIGN_IDENTITY[sdk=iphoneos*]" = "iPhone Developer";
				COPY_PHASE_STRIP = YES;
				GCC_C_LANGUAGE_STANDARD = gnu99;
				GCC_WARN_ABOUT_RETURN_TYPE = YES;
				GCC_WARN_UNINITIALIZED_AUTOS = YES;
				GCC_WARN_UNUSED_VARIABLE = YES;
				IPHONEOS_DEPLOYMENT_TARGET = 6.1;
				OTHER_CFLAGS = "-DNS_BLOCK_ASSERTIONS=1";
				SDKROOT = iphoneos;
				VALIDATE_PRODUCT = YES;
			};
			name = Release;
		};
		FA247B2C17958345008013D5 /* Debug */ = {
			isa = XCBuildConfiguration;
			buildSettings = {
				GCC_PRECOMPILE_PREFIX_HEADER = YES;
				GCC_PREFIX_HEADER = "Monoploy/Monoploy-Prefix.pch";
				INFOPLIST_FILE = "Monoploy/Monoploy-Info.plist";
				IPHONEOS_DEPLOYMENT_TARGET = 6.0;
				PRODUCT_NAME = "$(TARGET_NAME)";
				WRAPPER_EXTENSION = app;
			};
			name = Debug;
		};
		FA247B2D17958345008013D5 /* Release */ = {
			isa = XCBuildConfiguration;
			buildSettings = {
				GCC_PRECOMPILE_PREFIX_HEADER = YES;
				GCC_PREFIX_HEADER = "Monoploy/Monoploy-Prefix.pch";
				INFOPLIST_FILE = "Monoploy/Monoploy-Info.plist";
				IPHONEOS_DEPLOYMENT_TARGET = 6.0;
				PRODUCT_NAME = "$(TARGET_NAME)";
				WRAPPER_EXTENSION = app;
			};
			name = Release;
		};
/* End XCBuildConfiguration section */

/* Begin XCConfigurationList section */
		FA247B0917958345008013D5 /* Build configuration list for PBXProject "Monoploy" */ = {
			isa = XCConfigurationList;
			buildConfigurations = (
				FA247B2917958345008013D5 /* Debug */,
				FA247B2A17958345008013D5 /* Release */,
			);
			defaultConfigurationIsVisible = 0;
			defaultConfigurationName = Release;
		};
		FA247B2B17958345008013D5 /* Build configuration list for PBXNativeTarget "Monoploy" */ = {
			isa = XCConfigurationList;
			buildConfigurations = (
				FA247B2C17958345008013D5 /* Debug */,
				FA247B2D17958345008013D5 /* Release */,
			);
			defaultConfigurationIsVisible = 0;
			defaultConfigurationName = Release;
		};
/* End XCConfigurationList section */
	};
	rootObject = FA247B0617958345008013D5 /* Project object */;
}
